<Solution>
  <Folder Name="/bench/">
    <Project Path="bench/BjoString.Bench/BjoString.Bench.csproj" />
  </Folder>
  <Folder Name="/src/">
    <Project Path="src/BjoString/BjoString.csproj" />
  </Folder>
  <Folder Name="/tests/">
    <Project Path="tests/BjoString.Tests/BjoString.Tests.csproj" />
  </Folder>
</Solution>
